
Microsoft Visual Studio Solution File, Format Version 12.00
# Visual Studio 15
VisualStudioVersion = 15.0.27004.2002
MinimumVisualStudioVersion = 10.0.40219.1
Project("{FAE04EC0-301F-11D3-BF4B-00C04F79EFBC}") = "SampleFormGenerator.DAL", "SampleFormGenerator.DAL\SampleFormGenerator.DAL.csproj", "{FF903891-4469-4474-9228-4EEA284A7B10}"
EndProject
Project("{FAE04EC0-301F-11D3-BF4B-00C04F79EFBC}") = "SampleFormGenerator.BAL", "SampleFormGenerator.BAL\SampleFormGenerator.BAL.csproj", "{E983A813-C152-42B3-B4B0-D9E25C0893DD}"
EndProject
Project("{FAE04EC0-301F-11D3-BF4B-00C04F79EFBC}") = "SampleFormGenerator.UI", "SampleFormGenerator.UI\SampleFormGenerator.UI.csproj", "{3B804D65-4C25-4E33-8542-CC25D9E82C20}"
EndProject
Project("{00D1A9C2-B5F0-4AF3-8072-F6C62B433612}") = "SampleFormGenerator.Database", "SampleFormGenerator.Database\SampleFormGenerator.Database.sqlproj", "{112F9269-4531-4DC1-8F07-E48B32FD3C88}"
EndProject
Global
	GlobalSection(SolutionConfigurationPlatforms) = preSolution
		Debug|Any CPU = Debug|Any CPU
		Release|Any CPU = Release|Any CPU
	EndGlobalSection
	GlobalSection(ProjectConfigurationPlatforms) = postSolution
		{FF903891-4469-4474-9228-4EEA284A7B10}.Debug|Any CPU.ActiveCfg = Debug|Any CPU
		{FF903891-4469-4474-9228-4EEA284A7B10}.Debug|Any CPU.Build.0 = Debug|Any CPU
		{FF903891-4469-4474-9228-4EEA284A7B10}.Release|Any CPU.ActiveCfg = Release|Any CPU
		{FF903891-4469-4474-9228-4EEA284A7B10}.Release|Any CPU.Build.0 = Release|Any CPU
		{E983A813-C152-42B3-B4B0-D9E25C0893DD}.Debug|Any CPU.ActiveCfg = Debug|Any CPU
		{E983A813-C152-42B3-B4B0-D9E25C0893DD}.Debug|Any CPU.Build.0 = Debug|Any CPU
		{E983A813-C152-42B3-B4B0-D9E25C0893DD}.Release|Any CPU.ActiveCfg = Release|Any CPU
		{E983A813-C152-42B3-B4B0-D9E25C0893DD}.Release|Any CPU.Build.0 = Release|Any CPU
		{3B804D65-4C25-4E33-8542-CC25D9E82C20}.Debug|Any CPU.ActiveCfg = Debug|Any CPU
		{3B804D65-4C25-4E33-8542-CC25D9E82C20}.Debug|Any CPU.Build.0 = Debug|Any CPU
		{3B804D65-4C25-4E33-8542-CC25D9E82C20}.Release|Any CPU.ActiveCfg = Release|Any CPU
		{3B804D65-4C25-4E33-8542-CC25D9E82C20}.Release|Any CPU.Build.0 = Release|Any CPU
		{112F9269-4531-4DC1-8F07-E48B32FD3C88}.Debug|Any CPU.ActiveCfg = Debug|Any CPU
		{112F9269-4531-4DC1-8F07-E48B32FD3C88}.Debug|Any CPU.Build.0 = Debug|Any CPU
		{112F9269-4531-4DC1-8F07-E48B32FD3C88}.Debug|Any CPU.Deploy.0 = Debug|Any CPU
		{112F9269-4531-4DC1-8F07-E48B32FD3C88}.Release|Any CPU.ActiveCfg = Release|Any CPU
		{112F9269-4531-4DC1-8F07-E48B32FD3C88}.Release|Any CPU.Build.0 = Release|Any CPU
		{112F9269-4531-4DC1-8F07-E48B32FD3C88}.Release|Any CPU.Deploy.0 = Release|Any CPU
	EndGlobalSection
	GlobalSection(SolutionProperties) = preSolution
		HideSolutionNode = FALSE
	EndGlobalSection
	GlobalSection(ExtensibilityGlobals) = postSolution
		SolutionGuid = {0CA72365-B65C-48D1-8E0D-7E1E8FDB10E0}
	EndGlobalSection
EndGlobal
